
Microsoft Visual Studio Solution File, Format Version 12.00
# Visual Studio 15
VisualStudioVersion = 15.0.26430.6
MinimumVisualStudioVersion = 10.0.40219.1
Project("{FAE04EC0-301F-11D3-BF4B-00C04F79EFBC}") = "ARMExplorer", "ARMExplorer.csproj", "{70989F92-FBBC-408F-8BF9-D22F281F8E75}"
EndProject
Project("{FAE04EC0-301F-11D3-BF4B-00C04F79EFBC}") = "Tests", "Tests\Tests.csproj", "{8994BE5C-A107-4D13-9F05-9D482C0843E8}"
EndProject
Global
	GlobalSection(SolutionConfigurationPlatforms) = preSolution
		Debug|Any CPU = Debug|Any CPU
		Release|Any CPU = Release|Any CPU
	EndGlobalSection
	GlobalSection(ProjectConfigurationPlatforms) = postSolution
		{70989F92-FBBC-408F-8BF9-D22F281F8E75}.Debug|Any CPU.ActiveCfg = Debug|Any CPU
		{70989F92-FBBC-408F-8BF9-D22F281F8E75}.Debug|Any CPU.Build.0 = Debug|Any CPU
		{70989F92-FBBC-408F-8BF9-D22F281F8E75}.Release|Any CPU.ActiveCfg = Release|Any CPU
		{70989F92-FBBC-408F-8BF9-D22F281F8E75}.Release|Any CPU.Build.0 = Release|Any CPU
		{8994BE5C-A107-4D13-9F05-9D482C0843E8}.Debug|Any CPU.ActiveCfg = Debug|Any CPU
		{8994BE5C-A107-4D13-9F05-9D482C0843E8}.Debug|Any CPU.Build.0 = Debug|Any CPU
		{8994BE5C-A107-4D13-9F05-9D482C0843E8}.Release|Any CPU.ActiveCfg = Release|Any CPU
		{8994BE5C-A107-4D13-9F05-9D482C0843E8}.Release|Any CPU.Build.0 = Release|Any CPU
	EndGlobalSection
	GlobalSection(SolutionProperties) = preSolution
		HideSolutionNode = FALSE
	EndGlobalSection
EndGlobal
